
Microsoft Visual Studio Solution File, Format Version 12.00
# Visual Studio Version 16
VisualStudioVersion = 16.0.810.17
MinimumVisualStudioVersion = 10.0.40219.1
Project("{FAE04EC0-301F-11D3-BF4B-00C04F79EFBC}") = "ApplicationWeb", "ApplicationWeb\ApplicationWeb.csproj", "{6FF1B832-1100-4407-8EBE-9E854174EC30}"
EndProject
Global
	GlobalSection(SolutionConfigurationPlatforms) = preSolution
		Debug|Any CPU = Debug|Any CPU
		Release|Any CPU = Release|Any CPU
	EndGlobalSection
	GlobalSection(ProjectConfigurationPlatforms) = postSolution
		{6FF1B832-1100-4407-8EBE-9E854174EC30}.Debug|Any CPU.ActiveCfg = Debug|Any CPU
		{6FF1B832-1100-4407-8EBE-9E854174EC30}.Debug|Any CPU.Build.0 = Debug|Any CPU
		{6FF1B832-1100-4407-8EBE-9E854174EC30}.Release|Any CPU.ActiveCfg = Release|Any CPU
		{6FF1B832-1100-4407-8EBE-9E854174EC30}.Release|Any CPU.Build.0 = Release|Any CPU
	EndGlobalSection
	GlobalSection(SolutionProperties) = preSolution
		HideSolutionNode = FALSE
	EndGlobalSection
	GlobalSection(ExtensibilityGlobals) = postSolution
		SolutionGuid = {DF003097-5D1D-45B9-85CE-711A406D0E55}
	EndGlobalSection
EndGlobal
